// !$*UTF8*$!
{
	archiveVersion = 1;
	classes = {
	};
	objectVersion = 46;
	objects = {

/* Begin PBXBuildFile section */
		EA9453D81B3864680056D30B /* main.c in Sources */ = {isa = PBXBuildFile; fileRef = EA9453D71B3864680056D30B /* main.c */; };
		EA9453DF1B3865190056D30B /* Security.framework in Frameworks */ = {isa = PBXBuildFile; fileRef = EA9453DE1B3865190056D30B /* Security.framework */; };
		EA9453E11B3865280056D30B /* CoreFoundation.framework in Frameworks */ = {isa = PBXBuildFile; fileRef = EA9453E01B3865280056D30B /* CoreFoundation.framework */; };
		EA9453E31B3865310056D30B /* CoreServices.framework in Frameworks */ = {isa = PBXBuildFile; fileRef = EA9453E21B3865310056D30B /* CoreServices.framework */; };
/* End PBXBuildFile section */

/* Begin PBXCopyFilesBuildPhase section */
		EA9453D21B3864670056D30B /* CopyFiles */ = {
			isa = PBXCopyFilesBuildPhase;
			buildActionMask = 2147483647;
			dstPath = /usr/share/man/man1/;
			dstSubfolderSpec = 0;
			files = (
			);
			runOnlyForDeploymentPostprocessing = 1;
		};
/* End PBXCopyFilesBuildPhase section */

/* Begin PBXFileReference section */
		EA9453D41B3864680056D30B /* ACLList */ = {isa = PBXFileReference; explicitFileType = "compiled.mach-o.executable"; includeInIndex = 0; path = ACLList; sourceTree = BUILT_PRODUCTS_DIR; };
		EA9453D71B3864680056D30B /* main.c */ = {isa = PBXFileReference; lastKnownFileType = sourcecode.c.c; path = main.c; sourceTree = "<group>"; };
		EA9453DE1B3865190056D30B /* Security.framework */ = {isa = PBXFileReference; lastKnownFileType = wrapper.framework; name = Security.framework; path = System/Library/Frameworks/Security.framework; sourceTree = SDKROOT; };
		EA9453E01B3865280056D30B /* CoreFoundation.framework */ = {isa = PBXFileReference; lastKnownFileType = wrapper.framework; name = CoreFoundation.framework; path = System/Library/Frameworks/CoreFoundation.framework; sourceTree = SDKROOT; };
		EA9453E21B3865310056D30B /* CoreServices.framework */ = {isa = PBXFileReference; lastKnownFileType = wrapper.framework; name = CoreServices.framework; path = System/Library/Frameworks/CoreServices.framework; sourceTree = SDKROOT; };
/* End PBXFileReference section */

/* Begin PBXFrameworksBuildPhase section */
		EA9453D11B3864670056D30B /* Frameworks */ = {
			isa = PBXFrameworksBuildPhase;
			buildActionMask = 2147483647;
			files = (
				EA9453E31B3865310056D30B /* CoreServices.framework in Frameworks */,
				EA9453E11B3865280056D30B /* CoreFoundation.framework in Frameworks */,
				EA9453DF1B3865190056D30B /* Security.framework in Frameworks */,
			);
			runOnlyForDeploymentPostprocessing = 0;
		};
/* End PBXFrameworksBuildPhase section */

/* Begin PBXGroup section */
		EA9453CB1B3864670056D30B = {
			isa = PBXGroup;
			children = (
				EA9453E21B3865310056D30B /* CoreServices.framework */,
				EA9453E01B3865280056D30B /* CoreFoundation.framework */,
				EA9453DE1B3865190056D30B /* Security.framework */,
				EA9453D61B3864680056D30B /* ACLList */,
				EA9453D51B3864680056D30B /* Products */,
			);
			sourceTree = "<group>";
		};
		EA9453D51B3864680056D30B /* Products */ = {
			isa = PBXGroup;
			children = (
				EA9453D41B3864680056D30B /* ACLList */,
			);
			name = Products;
			sourceTree = "<group>";
		};
		EA9453D61B3864680056D30B /* ACLList */ = {
			isa = PBXGroup;
			children = (
				EA9453D71B3864680056D30B /* main.c */,
			);
			path = ACLList;
			sourceTree = "<group>";
		};
/* End PBXGroup section */

/* Begin PBXNativeTarget section */
		EA9453D31B3864670056D30B /* ACLList */ = {
			isa = PBXNativeTarget;
			buildConfigurationList = EA9453DB1B3864680056D30B /* Build configuration list for PBXNativeTarget "ACLList" */;
			buildPhases = (
				EA9453D01B3864670056D30B /* Sources */,
				EA9453D11B3864670056D30B /* Frameworks */,
				EA9453D21B3864670056D30B /* CopyFiles */,
			);
			buildRules = (
			);
			dependencies = (
			);
			name = ACLList;
			productName = ACLList;
			productReference = EA9453D41B3864680056D30B /* ACLList */;
			productType = "com.apple.product-type.tool";
		};
/* End PBXNativeTarget section */

/* Begin PBXProject section */
		EA9453CC1B3864670056D30B /* Project object */ = {
			isa = PBXProject;
			attributes = {
				LastUpgradeCheck = 0630;
				ORGANIZATIONNAME = "Matthew Sylvia";
				TargetAttributes = {
					EA9453D31B3864670056D30B = {
						CreatedOnToolsVersion = 6.3;
					};
				};
			};
			buildConfigurationList = EA9453CF1B3864670056D30B /* Build configuration list for PBXProject "ACLList" */;
			compatibilityVersion = "Xcode 3.2";
			developmentRegion = English;
			hasScannedForEncodings = 0;
			knownRegions = (
				en,
			);
			mainGroup = EA9453CB1B3864670056D30B;
			productRefGroup = EA9453D51B3864680056D30B /* Products */;
			projectDirPath = "";
			projectRoot = "";
			targets = (
				EA9453D31B3864670056D30B /* ACLList */,
			);
		};
/* End PBXProject section */

/* Begin PBXSourcesBuildPhase section */
		EA9453D01B3864670056D30B /* Sources */ = {
			isa = PBXSourcesBuildPhase;
			buildActionMask = 2147483647;
			files = (
				EA9453D81B3864680056D30B /* main.c in Sources */,
			);
			runOnlyForDeploymentPostprocessing = 0;
		};
/* End PBXSourcesBuildPhase section */

/* Begin XCBuildConfiguration section */
		EA9453D91B3864680056D30B /* Debug */ = {
			isa = XCBuildConfiguration;
			buildSettings = {
				ALWAYS_SEARCH_USER_PATHS = NO;
				CLANG_CXX_LANGUAGE_STANDARD = "gnu++0x";
				CLANG_CXX_LIBRARY = "libc++";
				CLANG_ENABLE_MODULES = YES;
				CLANG_ENABLE_OBJC_ARC = YES;
				CLANG_WARN_BOOL_CONVERSION = YES;
				CLANG_WARN_CONSTANT_CONVERSION = YES;
				CLANG_WARN_DIRECT_OBJC_ISA_USAGE = YES_ERROR;
				CLANG_WARN_EMPTY_BODY = YES;
				CLANG_WARN_ENUM_CONVERSION = YES;
				CLANG_WARN_INT_CONVERSION = YES;
				CLANG_WARN_OBJC_ROOT_CLASS = YES_ERROR;
				CLANG_WARN_UNREACHABLE_CODE = YES;
				CLANG_WARN__DUPLICATE_METHOD_MATCH = YES;
				COPY_PHASE_STRIP = NO;
				DEBUG_INFORMATION_FORMAT = dwarf;
				ENABLE_STRICT_OBJC_MSGSEND = YES;
				GCC_C_LANGUAGE_STANDARD = gnu99;
				GCC_DYNAMIC_NO_PIC = NO;
				GCC_NO_COMMON_BLOCKS = YES;
				GCC_OPTIMIZATION_LEVEL = 0;
				GCC_PREPROCESSOR_DEFINITIONS = (
					"DEBUG=1",
					"$(inherited)",
				);
				GCC_SYMBOLS_PRIVATE_EXTERN = NO;
				GCC_WARN_64_TO_32_BIT_CONVERSION = YES;
				GCC_WARN_ABOUT_RETURN_TYPE = YES_ERROR;
				GCC_WARN_UNDECLARED_SELECTOR = YES;
				GCC_WARN_UNINITIALIZED_AUTOS = YES_AGGRESSIVE;
				GCC_WARN_UNUSED_FUNCTION = YES;
				GCC_WARN_UNUSED_VARIABLE = YES;
				MACOSX_DEPLOYMENT_TARGET = 10.10;
				MTL_ENABLE_DEBUG_INFO = YES;
				ONLY_ACTIVE_ARCH = YES;
				SDKROOT = macosx;
			};
			name = Debug;
		};
		EA9453DA1B3864680056D30B /* Release */ = {
			isa = XCBuildConfiguration;
			buildSettings = {
				ALWAYS_SEARCH_USER_PATHS = NO;
				CLANG_CXX_LANGUAGE_STANDARD = "gnu++0x";
				CLANG_CXX_LIBRARY = "libc++";
				CLANG_ENABLE_MODULES = YES;
				CLANG_ENABLE_OBJC_ARC = YES;
				CLANG_WARN_BOOL_CONVERSION = YES;
				CLANG_WARN_CONSTANT_CONVERSION = YES;
				CLANG_WARN_DIRECT_OBJC_ISA_USAGE = YES_ERROR;
				CLANG_WARN_EMPTY_BODY = YES;
				CLANG_WARN_ENUM_CONVERSION = YES;
				CLANG_WARN_INT_CONVERSION = YES;
				CLANG_WARN_OBJC_ROOT_CLASS = YES_ERROR;
				CLANG_WARN_UNREACHABLE_CODE = YES;
				CLANG_WARN__DUPLICATE_METHOD_MATCH = YES;
				COPY_PHASE_STRIP = NO;
				DEBUG_INFORMATION_FORMAT = "dwarf-with-dsym";
				ENABLE_NS_ASSERTIONS = NO;
				ENABLE_STRICT_OBJC_MSGSEND = YES;
				GCC_C_LANGUAGE_STANDARD = gnu99;
				GCC_NO_COMMON_BLOCKS = YES;
				GCC_WARN_64_TO_32_BIT_CONVERSION = YES;
				GCC_WARN_ABOUT_RETURN_TYPE = YES_ERROR;
				GCC_WARN_UNDECLARED_SELECTOR = YES;
				GCC_WARN_UNINITIALIZED_AUTOS = YES_AGGRESSIVE;
				GCC_WARN_UNUSED_FUNCTION = YES;
				GCC_WARN_UNUSED_VARIABLE = YES;
				MACOSX_DEPLOYMENT_TARGET = 10.10;
				MTL_ENABLE_DEBUG_INFO = NO;
				SDKROOT = macosx;
			};
			name = Release;
		};
		EA9453DC1B3864680056D30B /* Debug */ = {
			isa = XCBuildConfiguration;
			buildSettings = {
				GCC_C_LANGUAGE_STANDARD = gnu11;
				PRODUCT_NAME = "$(TARGET_NAME)";
			};
			name = Debug;
		};
		EA9453DD1B3864680056D30B /* Release */ = {
			isa = XCBuildConfiguration;
			buildSettings = {
				GCC_C_LANGUAGE_STANDARD = gnu11;
				PRODUCT_NAME = "$(TARGET_NAME)";
			};
			name = Release;
		};
/* End XCBuildConfiguration section */

/* Begin XCConfigurationList section */
		EA9453CF1B3864670056D30B /* Build configuration list for PBXProject "ACLList" */ = {
			isa = XCConfigurationList;
			buildConfigurations = (
				EA9453D91B3864680056D30B /* Debug */,
				EA9453DA1B3864680056D30B /* Release */,
			);
			defaultConfigurationIsVisible = 0;
			defaultConfigurationName = Release;
		};
		EA9453DB1B3864680056D30B /* Build configuration list for PBXNativeTarget "ACLList" */ = {
			isa = XCConfigurationList;
			buildConfigurations = (
				EA9453DC1B3864680056D30B /* Debug */,
				EA9453DD1B3864680056D30B /* Release */,
			);
			defaultConfigurationIsVisible = 0;
		};
/* End XCConfigurationList section */
	};
	rootObject = EA9453CC1B3864670056D30B /* Project object */;
}
